{
  "originHash" : "d6650ad6f4c6d3d5c5fc236a51d53ba02738f3e761df3f79fff3ae4a3f5b1fe3",
  "pins" : [
    {
      "identity" : "sqlcipher.swift",
      "kind" : "remoteSourceControl",
      "location" : "https://github.com/sqlcipher/SQLCipher.swift.git",
      "state" : {
        "revision" : "205df55271aa1ba512a9bfe3fd1813bc9ac52a19",
        "version" : "4.17.0"
      }
    }
  ],
  "version" : 3
}
